github.com/bwmarrin/discordgo v0.23.2 h1:BzrtTktixGHIu9Tt7dEE6diysEF9HWnXeHuoJEt2fH4=
github.com/bwmarrin/discordgo v0.23.2/go.mod h1:c1WtWUGN6nREDmzIpyTp/iD3VYt4Fpx+bVyfBG7JE+M=
github.com/bwmarrin/discordgo v0.23.3-0.20210410202908-577e7dd4f6cc h1:S3C2Q9BUNkjWFO5S5FVghkIHZ/g+PmYYr/+luZ83FVc=
github.com/bwmarrin/discordgo v0.23.3-0.20210410202908-577e7dd4f6cc/go.mod h1:OMKxbTmkKofBjBi4/yidO3ItxbJ6PUfEUkjchM4En8c=
github.com/davecgh/go-spew v1.1.0/go.mod h1:J7Y8YcW2NihsgmVo/mv3lAwl/skON4iLHjSsI+c5H38=
github.com/davecgh/go-spew v1.1.1/go.mod h1:J7Y8YcW2NihsgmVo/mv3lAwl/skON4iLHjSsI+c5H38=
github.com/gorilla/websocket v1.4.0 h1:WDFjx/TMzVgy9VdMMQi2K2Emtwi2QcUQsztZ/zLaH/Q=
github.com/gorilla/websocket v1.4.0/go.mod h1:E7qHFY5m1UJ88s3WnNqhKjPHQ0heANvMoAMk2YaljkQ=
github.com/gorilla/websocket v1.4.2 h1:+/TMaTYc4QFitKJxsQ7Yye35DkWvkdLcvGKqM+x0Ufc=
github.com/gorilla/websocket v1.4.2/go.mod h1:YR8l580nyteQvAITg2hZ9XVh4b55+EU/adAjf1fMHhE=
github.com/joho/godotenv v1.3.0 h1:Zjp+RcGpHhGlrMbJzXTrZZPrWj+1vfm90La1wgB6Bhc=
github.com/joho/godotenv v1.3.0/go.mod h1:7hK45KPybAkOC6peb+G5yklZfMxEjkZhHbwpqxOKXbg=
github.com/kyokomi/emoji v2.2.4+incompatible h1:np0woGKwx9LiHAQmwZx79Oc0rHpNw3o+3evou4BEPv4=
github.com/kyokomi/emoji v2.2.4+incompatible/go.mod h1:mZ6aGCD7yk8j6QY6KICwnZ2pxoszVseX1DNoGtU2tBA=
github.com/kyokomi/emoji/v2 v2.2.8 h1:jcofPxjHWEkJtkIbcLHvZhxKgCPl6C7MyjTrD4KDqUE=
github.com/kyokomi/emoji/v2 v2.2.8/go.mod h1:JUcn42DTdsXJo1SWanHh4HKDEyPaR5CqkmoirZZP9qE=
github.com/mroth/weightedrand v0.4.1 h1:rHcbUBopmi/3x4nnrvwGJBhX9d0vk+KgoLUZeDP6YyI=
github.com/mroth/weightedrand v0.4.1/go.mod h1:3p2SIcC8al1YMzGhAIoXD+r9olo/g/cdJgAD905gyNE=
github.com/pmezard/go-difflib v1.0.0/go.mod h1:iKH77koFhYxTK1pcRnkKkqfTogsbg7gZNVY4sRDYZ/4=
github.com/sirupsen/logrus v1.8.1 h1:dJKuHgqk1NNQlqoA6BTlM1Wf9DOH3NBjQyu0h9+AZZE=
github.com/sirupsen/logrus v1.8.1/go.mod h1:yWOB1SBYBC5VeMP7gHvWumXLIWorT60ONWic61uBYv0=
github.com/stretchr/objx v0.1.0/go.mod h1:HFkY916IF+rwdDfMAkV7OtwuqBVzrE8GR6GFx+wExME=
github.com/stretchr/testify v1.2.2/go.mod h1:a8OnRcib4nhh0OaRAV+Yts87kKdq0PP7pXfy6kDkUVs=
github.com/stretchr/testify v1.4.0/go.mod h1:j7eGeouHqKxXV5pUuKE4zz7dFj8WfuZ+81PSLYec5m4=
github.com/thoas/go-funk v0.8.0 h1:JP9tKSvnpFVclYgDM0Is7FD9M4fhPvqA0s0BsXmzSRQ=
github.com/thoas/go-funk v0.8.0/go.mod h1:+IWnUfUmFO1+WVYQWQtIJHeRRdaIyyYglZN7xzUPe4Q=
golang.org/x/crypto v0.0.0-20181030102418-4d3f4d9ffa16 h1:y6ce7gCWtnH+m3dCjzQ1PCuwl28DDIc3VNnvY29DlIA=
golang.org/x/crypto v0.0.0-20181030102418-4d3f4d9ffa16/go.mod h1:6SG95UA2DQfeDnfUPMdvaQW0Q7yPrPDi9nlGo2tz2b4=
golang.org/x/sys v0.0.0-20191026070338-33540a1f6037 h1:YyJpGZS1sBuBCzLAR1VEpK193GlqGZbnPFnPV/5Rsb4=
golang.org/x/sys v0.0.0-20191026070338-33540a1f6037/go.mod h1:h1NjWce9XRLGQEsW7wpKNCjG9DtNlClVuFLEZdDNbEs=
golang.org/x/text v0.3.6 h1:aRYxNxv6iGQlyVaZmk6ZgYEDa+Jg18DxebPSrd6bg1M=
golang.org/x/text v0.3.6/go.mod h1:5Zoc/QRtKVWzQhOtBMvqHzDpF6irO9z98xDceosuGiQ=
golang.org/x/tools v0.0.0-20180917221912-90fa682c2a6e/go.mod h1:n7NCudcB/nEzxVGmLbDWY5pfWTLqBcC2KZ6jyYvM4mQ=
gopkg.in/check.v1 v0.0.0-20161208181325-20d25e280405/go.mod h1:Co6ibVJAznAaIkqp8huTwlJQCZ016jof/cbN4VW5Yz0=
gopkg.in/yaml.v2 v2.2.2/go.mod h1:hI93XBmqTisBFMUTm0b8Fm+jr3Dg1NNxqwp+5A1VGuI=
gopkg.in/yaml.v2 v2.4.0 h1:D8xgwECY7CYvx+Y2n4sBz93Jn9JRvxdiyyo8CTfuKaY=
gopkg.in/yaml.v2 v2.4.0/go.mod h1:RDklbk79AGWmwhnvt/jBztapEOGDOx6ZbXqjP6csGnQ=
